
Microsoft Visual Studio Solution File, Format Version 12.00
# Visual Studio Version 16
VisualStudioVersion = 16.0.31515.178
MinimumVisualStudioVersion = 10.0.40219.1
Project("{FAE04EC0-301F-11D3-BF4B-00C04F79EFBC}") = "DenevCloud.Timers", "DenevCloud.Timers\DenevCloud.Timers.csproj", "{14B62BE3-BD6D-44F5-9173-BFD14930BB38}"
EndProject
Project("{2150E333-8FDC-42A3-9474-1A3956D46DE8}") = "Example", "Example", "{35BF977B-5BC9-4147-B14F-B58A4ABE1621}"
EndProject
Project("{FAE04EC0-301F-11D3-BF4B-00C04F79EFBC}") = "DenevCloud.Timers.Example", "DenevCloud.Timers.Example\DenevCloud.Timers.Example.csproj", "{83BE6C36-D041-4ACB-BADA-FE74328E493D}"
EndProject
Global
	GlobalSection(SolutionConfigurationPlatforms) = preSolution
		Debug|Any CPU = Debug|Any CPU
		Release|Any CPU = Release|Any CPU
	EndGlobalSection
	GlobalSection(ProjectConfigurationPlatforms) = postSolution
		{14B62BE3-BD6D-44F5-9173-BFD14930BB38}.Debug|Any CPU.ActiveCfg = Debug|Any CPU
		{14B62BE3-BD6D-44F5-9173-BFD14930BB38}.Debug|Any CPU.Build.0 = Debug|Any CPU
		{14B62BE3-BD6D-44F5-9173-BFD14930BB38}.Release|Any CPU.ActiveCfg = Release|Any CPU
		{14B62BE3-BD6D-44F5-9173-BFD14930BB38}.Release|Any CPU.Build.0 = Release|Any CPU
		{83BE6C36-D041-4ACB-BADA-FE74328E493D}.Debug|Any CPU.ActiveCfg = Debug|Any CPU
		{83BE6C36-D041-4ACB-BADA-FE74328E493D}.Debug|Any CPU.Build.0 = Debug|Any CPU
		{83BE6C36-D041-4ACB-BADA-FE74328E493D}.Release|Any CPU.ActiveCfg = Release|Any CPU
		{83BE6C36-D041-4ACB-BADA-FE74328E493D}.Release|Any CPU.Build.0 = Release|Any CPU
	EndGlobalSection
	GlobalSection(SolutionProperties) = preSolution
		HideSolutionNode = FALSE
	EndGlobalSection
	GlobalSection(NestedProjects) = preSolution
		{83BE6C36-D041-4ACB-BADA-FE74328E493D} = {35BF977B-5BC9-4147-B14F-B58A4ABE1621}
	EndGlobalSection
	GlobalSection(ExtensibilityGlobals) = postSolution
		SolutionGuid = {2C63DF4A-AE69-4BDA-A0EE-9E000C6DFD0B}
	EndGlobalSection
EndGlobal
